{
  "lockfileVersion": 1,
  "workspaces": {
    "": {
      "name": "@flowscripter/template-bun-executable",
      "dependencies": {
        "@flowscripter/template-bun-library": "latest",
        "@flowscripter/template-bun-rust-library": "latest",
      },
      "devDependencies": {
        "@types/bun": "latest",
      },
      "peerDependencies": {
        "typescript": "latest",
      },
    },
  },
  "packages": {
    "@flowscripter/template-bun-library": ["@flowscripter/template-bun-library@1.0.5", "", { "peerDependencies": { "typescript": "^5.7.3" } }, "sha512-Y0b/YV2ePIP99p4K3qkeyoeesBMMt9S0VSvOJb240Ml61Bv5pB6RO9LtQvEiWQJY++JfZIz9iR4wvOgcWNkQYg=="],

    "@flowscripter/template-bun-rust-library": ["@flowscripter/template-bun-rust-library@1.0.9", "", { "peerDependencies": { "typescript": "^5.7.3" } }, "sha512-HmxFgPusPCAYow0Ein5ZgN39TU/kKQZ9E5VjBJfRKc/Jh3KbNOVn2YW7RrBm8bNW70rGGCBdSdLBgVVdBuxz1g=="],

    "@types/bun": ["@types/bun@1.2.4", "", { "dependencies": { "bun-types": "1.2.4" } }, "sha512-QtuV5OMR8/rdKJs213iwXDpfVvnskPXY/S0ZiFbsTjQZycuqPbMW8Gf/XhLfwE5njW8sxI2WjISURXPlHypMFA=="],

    "@types/node": ["@types/node@22.13.2", "", { "dependencies": { "undici-types": "~6.20.0" } }, "sha512-Z+r8y3XL9ZpI2EY52YYygAFmo2/oWfNSj4BCpAXE2McAexDk8VcnBMGC9Djn9gTKt4d2T/hhXqmPzo4hfIXtTg=="],

    "@types/ws": ["@types/ws@8.5.14", "", { "dependencies": { "@types/node": "*" } }, "sha512-bd/YFLW+URhBzMXurx7lWByOu+xzU9+kb3RboOteXYDfW+tr+JZa99OyNmPINEGB/ahzKrEuc8rcv4gnpJmxTw=="],

    "bun-types": ["bun-types@1.2.4", "", { "dependencies": { "@types/node": "*", "@types/ws": "~8.5.10" } }, "sha512-nDPymR207ZZEoWD4AavvEaa/KZe/qlrbMSchqpQwovPZCKc7pwMoENjEtHgMKaAjJhy+x6vfqSBA1QU3bJgs0Q=="],

    "typescript": ["typescript@5.7.3", "", { "bin": { "tsc": "bin/tsc", "tsserver": "bin/tsserver" } }, "sha512-84MVSjMEHP+FQRPy3pX9sTVV/INIex71s9TL2Gm5FG/WG1SqXeKyZ0k7/blY/4FdOzI12CBy1vGc4og/eus0fw=="],

    "undici-types": ["undici-types@6.20.0", "", {}, "sha512-Ny6QZ2Nju20vw1SRHe3d9jVu6gJ+4e3+MMpqu7pqE5HT6WsTSlce++GQmK5UXS8mzV8DSYHrQH+Xrf2jVcuKNg=="],
  }
}
